// !$*UTF8*$!
{
	archiveVersion = 1;
	classes = {
	};
	objectVersion = 46;
	objects = {

/* Begin PBXBuildFile section */
		2C12CB6D1D805FD800261678 /* AppDelegate.swift in Sources */ = {isa = PBXBuildFile; fileRef = 2C12CB6C1D805FD800261678 /* AppDelegate.swift */; };
		2C12CB6F1D805FD800261678 /* ViewController.swift in Sources */ = {isa = PBXBuildFile; fileRef = 2C12CB6E1D805FD800261678 /* ViewController.swift */; };
		2C12CB721D805FD800261678 /* Main.storyboard in Resources */ = {isa = PBXBuildFile; fileRef = 2C12CB701D805FD800261678 /* Main.storyboard */; };
		2C12CB741D805FD800261678 /* Assets.xcassets in Resources */ = {isa = PBXBuildFile; fileRef = 2C12CB731D805FD800261678 /* Assets.xcassets */; };
		2C12CB771D805FD800261678 /* LaunchScreen.storyboard in Resources */ = {isa = PBXBuildFile; fileRef = 2C12CB751D805FD800261678 /* LaunchScreen.storyboard */; };
		CB3CF02F03B43A3A87705E7A /* libPods-LKDBSearcherSwiftDemo.a in Frameworks */ = {isa = PBXBuildFile; fileRef = 76B48830AD2892C62E816125 /* libPods-LKDBSearcherSwiftDemo.a */; };
/* End PBXBuildFile section */

/* Begin PBXFileReference section */
		2C12CB691D805FD800261678 /* LKDBSearcherSwiftDemo.app */ = {isa = PBXFileReference; explicitFileType = wrapper.application; includeInIndex = 0; path = LKDBSearcherSwiftDemo.app; sourceTree = BUILT_PRODUCTS_DIR; };
		2C12CB6C1D805FD800261678 /* AppDelegate.swift */ = {isa = PBXFileReference; lastKnownFileType = sourcecode.swift; path = AppDelegate.swift; sourceTree = "<group>"; };
		2C12CB6E1D805FD800261678 /* ViewController.swift */ = {isa = PBXFileReference; lastKnownFileType = sourcecode.swift; path = ViewController.swift; sourceTree = "<group>"; };
		2C12CB711D805FD800261678 /* Base */ = {isa = PBXFileReference; lastKnownFileType = file.storyboard; name = Base; path = Base.lproj/Main.storyboard; sourceTree = "<group>"; };
		2C12CB731D805FD800261678 /* Assets.xcassets */ = {isa = PBXFileReference; lastKnownFileType = folder.assetcatalog; path = Assets.xcassets; sourceTree = "<group>"; };
		2C12CB761D805FD800261678 /* Base */ = {isa = PBXFileReference; lastKnownFileType = file.storyboard; name = Base; path = Base.lproj/LaunchScreen.storyboard; sourceTree = "<group>"; };
		2C12CB781D805FD800261678 /* Info.plist */ = {isa = PBXFileReference; lastKnownFileType = text.plist.xml; path = Info.plist; sourceTree = "<group>"; };
		76B48830AD2892C62E816125 /* libPods-LKDBSearcherSwiftDemo.a */ = {isa = PBXFileReference; explicitFileType = archive.ar; includeInIndex = 0; path = "libPods-LKDBSearcherSwiftDemo.a"; sourceTree = BUILT_PRODUCTS_DIR; };
		978C9BE038174B4F80CF4E26 /* Pods-LKDBSearcherSwiftDemo.debug.xcconfig */ = {isa = PBXFileReference; includeInIndex = 1; lastKnownFileType = text.xcconfig; name = "Pods-LKDBSearcherSwiftDemo.debug.xcconfig"; path = "../Pods/Target Support Files/Pods-LKDBSearcherSwiftDemo/Pods-LKDBSearcherSwiftDemo.debug.xcconfig"; sourceTree = "<group>"; };
		FDC4EF10AA8957D950EC89B0 /* Pods-LKDBSearcherSwiftDemo.release.xcconfig */ = {isa = PBXFileReference; includeInIndex = 1; lastKnownFileType = text.xcconfig; name = "Pods-LKDBSearcherSwiftDemo.release.xcconfig"; path = "../Pods/Target Support Files/Pods-LKDBSearcherSwiftDemo/Pods-LKDBSearcherSwiftDemo.release.xcconfig"; sourceTree = "<group>"; };
/* End PBXFileReference section */

/* Begin PBXFrameworksBuildPhase section */
		2C12CB661D805FD800261678 /* Frameworks */ = {
			isa = PBXFrameworksBuildPhase;
			buildActionMask = 2147483647;
			files = (
				CB3CF02F03B43A3A87705E7A /* libPods-LKDBSearcherSwiftDemo.a in Frameworks */,
			);
			runOnlyForDeploymentPostprocessing = 0;
		};
/* End PBXFrameworksBuildPhase section */

/* Begin PBXGroup section */
		2C12CB601D805FD800261678 = {
			isa = PBXGroup;
			children = (
				2C12CB6B1D805FD800261678 /* LKDBSearcherSwiftDemo */,
				2C12CB6A1D805FD800261678 /* Products */,
				B576A5757A1C20919448112F /* Pods */,
				98995316446435A78C9EA4B5 /* Frameworks */,
			);
			sourceTree = "<group>";
		};
		2C12CB6A1D805FD800261678 /* Products */ = {
			isa = PBXGroup;
			children = (
				2C12CB691D805FD800261678 /* LKDBSearcherSwiftDemo.app */,
			);
			name = Products;
			sourceTree = "<group>";
		};
		2C12CB6B1D805FD800261678 /* LKDBSearcherSwiftDemo */ = {
			isa = PBXGroup;
			children = (
				2C12CB6C1D805FD800261678 /* AppDelegate.swift */,
				2C12CB6E1D805FD800261678 /* ViewController.swift */,
				2C12CB701D805FD800261678 /* Main.storyboard */,
				2C12CB731D805FD800261678 /* Assets.xcassets */,
				2C12CB751D805FD800261678 /* LaunchScreen.storyboard */,
				2C12CB781D805FD800261678 /* Info.plist */,
			);
			path = LKDBSearcherSwiftDemo;
			sourceTree = "<group>";
		};
		98995316446435A78C9EA4B5 /* Frameworks */ = {
			isa = PBXGroup;
			children = (
				76B48830AD2892C62E816125 /* libPods-LKDBSearcherSwiftDemo.a */,
			);
			name = Frameworks;
			sourceTree = "<group>";
		};
		B576A5757A1C20919448112F /* Pods */ = {
			isa = PBXGroup;
			children = (
				978C9BE038174B4F80CF4E26 /* Pods-LKDBSearcherSwiftDemo.debug.xcconfig */,
				FDC4EF10AA8957D950EC89B0 /* Pods-LKDBSearcherSwiftDemo.release.xcconfig */,
			);
			name = Pods;
			sourceTree = "<group>";
		};
/* End PBXGroup section */

/* Begin PBXNativeTarget section */
		2C12CB681D805FD800261678 /* LKDBSearcherSwiftDemo */ = {
			isa = PBXNativeTarget;
			buildConfigurationList = 2C12CB7B1D805FD800261678 /* Build configuration list for PBXNativeTarget "LKDBSearcherSwiftDemo" */;
			buildPhases = (
				3CDDFD8095F46BBFD28DBA9F /* [CP] Check Pods Manifest.lock */,
				2C12CB651D805FD800261678 /* Sources */,
				2C12CB661D805FD800261678 /* Frameworks */,
				2C12CB671D805FD800261678 /* Resources */,
				84F3B357E20140B0FFFED742 /* [CP] Embed Pods Frameworks */,
				532A3CC6FA68D967FE11418E /* [CP] Copy Pods Resources */,
			);
			buildRules = (
			);
			dependencies = (
			);
			name = LKDBSearcherSwiftDemo;
			productName = LKDBSearcherSwiftDemo;
			productReference = 2C12CB691D805FD800261678 /* LKDBSearcherSwiftDemo.app */;
			productType = "com.apple.product-type.application";
		};
/* End PBXNativeTarget section */

/* Begin PBXProject section */
		2C12CB611D805FD800261678 /* Project object */ = {
			isa = PBXProject;
			attributes = {
				LastSwiftUpdateCheck = 0730;
				LastUpgradeCheck = 0730;
				ORGANIZATIONNAME = junhai;
				TargetAttributes = {
					2C12CB681D805FD800261678 = {
						CreatedOnToolsVersion = 7.3.1;
					};
				};
			};
			buildConfigurationList = 2C12CB641D805FD800261678 /* Build configuration list for PBXProject "LKDBSearcherSwiftDemo" */;
			compatibilityVersion = "Xcode 3.2";
			developmentRegion = English;
			hasScannedForEncodings = 0;
			knownRegions = (
				en,
				Base,
			);
			mainGroup = 2C12CB601D805FD800261678;
			productRefGroup = 2C12CB6A1D805FD800261678 /* Products */;
			projectDirPath = "";
			projectRoot = "";
			targets = (
				2C12CB681D805FD800261678 /* LKDBSearcherSwiftDemo */,
			);
		};
/* End PBXProject section */

/* Begin PBXResourcesBuildPhase section */
		2C12CB671D805FD800261678 /* Resources */ = {
			isa = PBXResourcesBuildPhase;
			buildActionMask = 2147483647;
			files = (
				2C12CB771D805FD800261678 /* LaunchScreen.storyboard in Resources */,
				2C12CB741D805FD800261678 /* Assets.xcassets in Resources */,
				2C12CB721D805FD800261678 /* Main.storyboard in Resources */,
			);
			runOnlyForDeploymentPostprocessing = 0;
		};
/* End PBXResourcesBuildPhase section */

/* Begin PBXShellScriptBuildPhase section */
		3CDDFD8095F46BBFD28DBA9F /* [CP] Check Pods Manifest.lock */ = {
			isa = PBXShellScriptBuildPhase;
			buildActionMask = 2147483647;
			files = (
			);
			inputPaths = (
			);
			name = "[CP] Check Pods Manifest.lock";
			outputPaths = (
			);
			runOnlyForDeploymentPostprocessing = 0;
			shellPath = /bin/sh;
			shellScript = "diff \"${PODS_ROOT}/../Podfile.lock\" \"${PODS_ROOT}/Manifest.lock\" > /dev/null\nif [[ $? != 0 ]] ; then\n    cat << EOM\nerror: The sandbox is not in sync with the Podfile.lock. Run 'pod install' or update your CocoaPods installation.\nEOM\n    exit 1\nfi\n";
			showEnvVarsInLog = 0;
		};
		532A3CC6FA68D967FE11418E /* [CP] Copy Pods Resources */ = {
			isa = PBXShellScriptBuildPhase;
			buildActionMask = 2147483647;
			files = (
			);
			inputPaths = (
			);
			name = "[CP] Copy Pods Resources";
			outputPaths = (
			);
			runOnlyForDeploymentPostprocessing = 0;
			shellPath = /bin/sh;
			shellScript = "\"${SRCROOT}/../Pods/Target Support Files/Pods-LKDBSearcherSwiftDemo/Pods-LKDBSearcherSwiftDemo-resources.sh\"\n";
			showEnvVarsInLog = 0;
		};
		84F3B357E20140B0FFFED742 /* [CP] Embed Pods Frameworks */ = {
			isa = PBXShellScriptBuildPhase;
			buildActionMask = 2147483647;
			files = (
			);
			inputPaths = (
			);
			name = "[CP] Embed Pods Frameworks";
			outputPaths = (
			);
			runOnlyForDeploymentPostprocessing = 0;
			shellPath = /bin/sh;
			shellScript = "\"${SRCROOT}/../Pods/Target Support Files/Pods-LKDBSearcherSwiftDemo/Pods-LKDBSearcherSwiftDemo-frameworks.sh\"\n";
			showEnvVarsInLog = 0;
		};
/* End PBXShellScriptBuildPhase section */

/* Begin PBXSourcesBuildPhase section */
		2C12CB651D805FD800261678 /* Sources */ = {
			isa = PBXSourcesBuildPhase;
			buildActionMask = 2147483647;
			files = (
				2C12CB6F1D805FD800261678 /* ViewController.swift in Sources */,
				2C12CB6D1D805FD800261678 /* AppDelegate.swift in Sources */,
			);
			runOnlyForDeploymentPostprocessing = 0;
		};
/* End PBXSourcesBuildPhase section */

/* Begin PBXVariantGroup section */
		2C12CB701D805FD800261678 /* Main.storyboard */ = {
			isa = PBXVariantGroup;
			children = (
				2C12CB711D805FD800261678 /* Base */,
			);
			name = Main.storyboard;
			sourceTree = "<group>";
		};
		2C12CB751D805FD800261678 /* LaunchScreen.storyboard */ = {
			isa = PBXVariantGroup;
			children = (
				2C12CB761D805FD800261678 /* Base */,
			);
			name = LaunchScreen.storyboard;
			sourceTree = "<group>";
		};
/* End PBXVariantGroup section */

/* Begin XCBuildConfiguration section */
		2C12CB791D805FD800261678 /* Debug */ = {
			isa = XCBuildConfiguration;
			buildSettings = {
				ALWAYS_SEARCH_USER_PATHS = NO;
				CLANG_ANALYZER_NONNULL = YES;
				CLANG_CXX_LANGUAGE_STANDARD = "gnu++0x";
				CLANG_CXX_LIBRARY = "libc++";
				CLANG_ENABLE_MODULES = YES;
				CLANG_ENABLE_OBJC_ARC = YES;
				CLANG_WARN_BOOL_CONVERSION = YES;
				CLANG_WARN_CONSTANT_CONVERSION = YES;
				CLANG_WARN_DIRECT_OBJC_ISA_USAGE = YES_ERROR;
				CLANG_WARN_EMPTY_BODY = YES;
				CLANG_WARN_ENUM_CONVERSION = YES;
				CLANG_WARN_INT_CONVERSION = YES;
				CLANG_WARN_OBJC_ROOT_CLASS = YES_ERROR;
				CLANG_WARN_UNREACHABLE_CODE = YES;
				CLANG_WARN__DUPLICATE_METHOD_MATCH = YES;
				"CODE_SIGN_IDENTITY[sdk=iphoneos*]" = "iPhone Developer";
				COPY_PHASE_STRIP = NO;
				DEBUG_INFORMATION_FORMAT = dwarf;
				ENABLE_STRICT_OBJC_MSGSEND = YES;
				ENABLE_TESTABILITY = YES;
				GCC_C_LANGUAGE_STANDARD = gnu99;
				GCC_DYNAMIC_NO_PIC = NO;
				GCC_NO_COMMON_BLOCKS = YES;
				GCC_OPTIMIZATION_LEVEL = 0;
				GCC_PREPROCESSOR_DEFINITIONS = (
					"DEBUG=1",
					"$(inherited)",
				);
				GCC_WARN_64_TO_32_BIT_CONVERSION = YES;
				GCC_WARN_ABOUT_RETURN_TYPE = YES_ERROR;
				GCC_WARN_UNDECLARED_SELECTOR = YES;
				GCC_WARN_UNINITIALIZED_AUTOS = YES_AGGRESSIVE;
				GCC_WARN_UNUSED_FUNCTION = YES;
				GCC_WARN_UNUSED_VARIABLE = YES;
				IPHONEOS_DEPLOYMENT_TARGET = 9.3;
				MTL_ENABLE_DEBUG_INFO = YES;
				ONLY_ACTIVE_ARCH = YES;
				SDKROOT = iphoneos;
				SWIFT_OPTIMIZATION_LEVEL = "-Onone";
			};
			name = Debug;
		};
		2C12CB7A1D805FD800261678 /* Release */ = {
			isa = XCBuildConfiguration;
			buildSettings = {
				ALWAYS_SEARCH_USER_PATHS = NO;
				CLANG_ANALYZER_NONNULL = YES;
				CLANG_CXX_LANGUAGE_STANDARD = "gnu++0x";
				CLANG_CXX_LIBRARY = "libc++";
				CLANG_ENABLE_MODULES = YES;
				CLANG_ENABLE_OBJC_ARC = YES;
				CLANG_WARN_BOOL_CONVERSION = YES;
				CLANG_WARN_CONSTANT_CONVERSION = YES;
				CLANG_WARN_DIRECT_OBJC_ISA_USAGE = YES_ERROR;
				CLANG_WARN_EMPTY_BODY = YES;
				CLANG_WARN_ENUM_CONVERSION = YES;
				CLANG_WARN_INT_CONVERSION = YES;
				CLANG_WARN_OBJC_ROOT_CLASS = YES_ERROR;
				CLANG_WARN_UNREACHABLE_CODE = YES;
				CLANG_WARN__DUPLICATE_METHOD_MATCH = YES;
				"CODE_SIGN_IDENTITY[sdk=iphoneos*]" = "iPhone Developer";
				COPY_PHASE_STRIP = NO;
				DEBUG_INFORMATION_FORMAT = "dwarf-with-dsym";
				ENABLE_NS_ASSERTIONS = NO;
				ENABLE_STRICT_OBJC_MSGSEND = YES;
				GCC_C_LANGUAGE_STANDARD = gnu99;
				GCC_NO_COMMON_BLOCKS = YES;
				GCC_WARN_64_TO_32_BIT_CONVERSION = YES;
				GCC_WARN_ABOUT_RETURN_TYPE = YES_ERROR;
				GCC_WARN_UNDECLARED_SELECTOR = YES;
				GCC_WARN_UNINITIALIZED_AUTOS = YES_AGGRESSIVE;
				GCC_WARN_UNUSED_FUNCTION = YES;
				GCC_WARN_UNUSED_VARIABLE = YES;
				IPHONEOS_DEPLOYMENT_TARGET = 9.3;
				MTL_ENABLE_DEBUG_INFO = NO;
				SDKROOT = iphoneos;
				VALIDATE_PRODUCT = YES;
			};
			name = Release;
		};
		2C12CB7C1D805FD800261678 /* Debug */ = {
			isa = XCBuildConfiguration;
			baseConfigurationReference = 978C9BE038174B4F80CF4E26 /* Pods-LKDBSearcherSwiftDemo.debug.xcconfig */;
			buildSettings = {
				ASSETCATALOG_COMPILER_APPICON_NAME = AppIcon;
				INFOPLIST_FILE = LKDBSearcherSwiftDemo/Info.plist;
				LD_RUNPATH_SEARCH_PATHS = "$(inherited) @executable_path/Frameworks";
				PRODUCT_BUNDLE_IDENTIFIER = com.soooner.bmcpatient.LKDBSearcherSwiftDemo;
				PRODUCT_NAME = "$(TARGET_NAME)";
			};
			name = Debug;
		};
		2C12CB7D1D805FD800261678 /* Release */ = {
			isa = XCBuildConfiguration;
			baseConfigurationReference = FDC4EF10AA8957D950EC89B0 /* Pods-LKDBSearcherSwiftDemo.release.xcconfig */;
			buildSettings = {
				ASSETCATALOG_COMPILER_APPICON_NAME = AppIcon;
				INFOPLIST_FILE = LKDBSearcherSwiftDemo/Info.plist;
				LD_RUNPATH_SEARCH_PATHS = "$(inherited) @executable_path/Frameworks";
				PRODUCT_BUNDLE_IDENTIFIER = com.soooner.bmcpatient.LKDBSearcherSwiftDemo;
				PRODUCT_NAME = "$(TARGET_NAME)";
			};
			name = Release;
		};
/* End XCBuildConfiguration section */

/* Begin XCConfigurationList section */
		2C12CB641D805FD800261678 /* Build configuration list for PBXProject "LKDBSearcherSwiftDemo" */ = {
			isa = XCConfigurationList;
			buildConfigurations = (
				2C12CB791D805FD800261678 /* Debug */,
				2C12CB7A1D805FD800261678 /* Release */,
			);
			defaultConfigurationIsVisible = 0;
			defaultConfigurationName = Release;
		};
		2C12CB7B1D805FD800261678 /* Build configuration list for PBXNativeTarget "LKDBSearcherSwiftDemo" */ = {
			isa = XCConfigurationList;
			buildConfigurations = (
				2C12CB7C1D805FD800261678 /* Debug */,
				2C12CB7D1D805FD800261678 /* Release */,
			);
			defaultConfigurationIsVisible = 0;
			defaultConfigurationName = Release;
		};
/* End XCConfigurationList section */
	};
	rootObject = 2C12CB611D805FD800261678 /* Project object */;
}
